{
  "name": "toast",
  "version": "1.0.0",
  "lockfileVersion": 1,
  "requires": true,
  "dependencies": {
    "foundation-sites": {
      "version": "6.4.4-rc1",
      "resolved": "https://registry.npmjs.org/foundation-sites/-/foundation-sites-6.4.4-rc1.tgz",
      "integrity": "sha512-26cL66QFNqMVwM7bmIEqq4jiW+6CkIeW719ci1pchdJ4UK0Om+3Jl7MhkX/lzdzRHB75f2m1IK9lxk3JGOwApA==",
      "requires": {
        "jquery": ">=3.0.0",
        "what-input": "^4.1.3"
      }
    },
    "jquery": {
      "version": "3.3.1",
      "resolved": "https://registry.npmjs.org/jquery/-/jquery-3.3.1.tgz",
      "integrity": "sha512-Ubldcmxp5np52/ENotGxlLe6aGMvmF4R8S6tZjsP6Knsaxd/xp3Zrh50cG93lR6nPXyUFwzN3ZSOQI0wRJNdGg=="
    },
    "lg-autoplay.js": {
      "version": "1.0.0",
      "resolved": "https://registry.npmjs.org/lg-autoplay.js/-/lg-autoplay.js-1.0.0.tgz",
      "integrity": "sha1-CDB91Bg+w9OiPDRYkKQaXGT+N1E="
    },
    "lg-fullscreen.js": {
      "version": "1.0.0",
      "resolved": "https://registry.npmjs.org/lg-fullscreen.js/-/lg-fullscreen.js-1.0.0.tgz",
      "integrity": "sha1-nE+TS8UCegq1yI/OcGdVcdZODV4="
    },
    "lg-thumbnail.js": {
      "version": "1.0.0",
      "resolved": "https://registry.npmjs.org/lg-thumbnail.js/-/lg-thumbnail.js-1.0.0.tgz",
      "integrity": "sha1-2nN6u+uYehucpX0QJO3TUQAtKXs="
    },
    "lg-video.js": {
      "version": "1.0.0",
      "resolved": "https://registry.npmjs.org/lg-video.js/-/lg-video.js-1.0.0.tgz",
      "integrity": "sha1-nxF2Fd8jOGi9jrPkQr6FRwpuccs="
    },
    "lg-zoom.js": {
      "version": "1.0.1",
      "resolved": "https://registry.npmjs.org/lg-zoom.js/-/lg-zoom.js-1.0.1.tgz",
      "integrity": "sha1-XhzcV0CfXjMbVz0P2T3CZHnIDN4="
    },
    "lightgallery.js": {
      "version": "1.0.2",
      "resolved": "https://registry.npmjs.org/lightgallery.js/-/lightgallery.js-1.0.2.tgz",
      "integrity": "sha1-VU68ElFaJ3hi53H82b+OmeStHsY="
    },
    "slick-carousel": {
      "version": "1.8.1",
      "resolved": "https://registry.npmjs.org/slick-carousel/-/slick-carousel-1.8.1.tgz",
      "integrity": "sha512-XB9Ftrf2EEKfzoQXt3Nitrt/IPbT+f1fgqBdoxO3W/+JYvtEOW6EgxnWfr9GH6nmULv7Y2tPmEX3koxThVmebA=="
    },
    "smoothscroll-for-websites": {
      "version": "1.4.6",
      "resolved": "https://registry.npmjs.org/smoothscroll-for-websites/-/smoothscroll-for-websites-1.4.6.tgz",
      "integrity": "sha1-dT+siL5vIKHshZAlk2U8uqMFn4I="
    },
    "what-input": {
      "version": "4.3.1",
      "resolved": "https://registry.npmjs.org/what-input/-/what-input-4.3.1.tgz",
      "integrity": "sha512-7KD71RWNRWI9M08shZ8+n/2UjO5amwsG9PMSXWz0iIlH8H2DVbHE8Z2tW1RqQa0kIwdeqdUIffFz7crDfkcbAw=="
    }
  }
}
